
Microsoft Visual Studio Solution File, Format Version 12.00
# Visual Studio 14
VisualStudioVersion = 14.0.25420.1
MinimumVisualStudioVersion = 10.0.40219.1
Project("{FAE04EC0-301F-11D3-BF4B-00C04F79EFBC}") = "MvvmDataBinding", "MvvmDataBinding\MvvmDataBinding.csproj", "{304E0E12-BEA2-4A7D-9DB3-92B3363486A5}"
EndProject
Project("{FAE04EC0-301F-11D3-BF4B-00C04F79EFBC}") = "Repository", "Repository\Repository.csproj", "{BCCFB0DF-8FF0-498B-8814-1624843F5823}"
EndProject
Global
	GlobalSection(SolutionConfigurationPlatforms) = preSolution
		Debug|Any CPU = Debug|Any CPU
		Debug|ARM = Debug|ARM
		Debug|x64 = Debug|x64
		Debug|x86 = Debug|x86
		Release|Any CPU = Release|Any CPU
		Release|ARM = Release|ARM
		Release|x64 = Release|x64
		Release|x86 = Release|x86
	EndGlobalSection
	GlobalSection(ProjectConfigurationPlatforms) = postSolution
		{304E0E12-BEA2-4A7D-9DB3-92B3363486A5}.Debug|Any CPU.ActiveCfg = Debug|x86
		{304E0E12-BEA2-4A7D-9DB3-92B3363486A5}.Debug|ARM.ActiveCfg = Debug|ARM
		{304E0E12-BEA2-4A7D-9DB3-92B3363486A5}.Debug|ARM.Build.0 = Debug|ARM
		{304E0E12-BEA2-4A7D-9DB3-92B3363486A5}.Debug|ARM.Deploy.0 = Debug|ARM
		{304E0E12-BEA2-4A7D-9DB3-92B3363486A5}.Debug|x64.ActiveCfg = Debug|x64
		{304E0E12-BEA2-4A7D-9DB3-92B3363486A5}.Debug|x64.Build.0 = Debug|x64
		{304E0E12-BEA2-4A7D-9DB3-92B3363486A5}.Debug|x64.Deploy.0 = Debug|x64
		{304E0E12-BEA2-4A7D-9DB3-92B3363486A5}.Debug|x86.ActiveCfg = Debug|x86
		{304E0E12-BEA2-4A7D-9DB3-92B3363486A5}.Debug|x86.Build.0 = Debug|x86
		{304E0E12-BEA2-4A7D-9DB3-92B3363486A5}.Debug|x86.Deploy.0 = Debug|x86
		{304E0E12-BEA2-4A7D-9DB3-92B3363486A5}.Release|Any CPU.ActiveCfg = Release|x86
		{304E0E12-BEA2-4A7D-9DB3-92B3363486A5}.Release|ARM.ActiveCfg = Release|ARM
		{304E0E12-BEA2-4A7D-9DB3-92B3363486A5}.Release|ARM.Build.0 = Release|ARM
		{304E0E12-BEA2-4A7D-9DB3-92B3363486A5}.Release|ARM.Deploy.0 = Release|ARM
		{304E0E12-BEA2-4A7D-9DB3-92B3363486A5}.Release|x64.ActiveCfg = Release|x64
		{304E0E12-BEA2-4A7D-9DB3-92B3363486A5}.Release|x64.Build.0 = Release|x64
		{304E0E12-BEA2-4A7D-9DB3-92B3363486A5}.Release|x64.Deploy.0 = Release|x64
		{304E0E12-BEA2-4A7D-9DB3-92B3363486A5}.Release|x86.ActiveCfg = Release|x86
		{304E0E12-BEA2-4A7D-9DB3-92B3363486A5}.Release|x86.Build.0 = Release|x86
		{304E0E12-BEA2-4A7D-9DB3-92B3363486A5}.Release|x86.Deploy.0 = Release|x86
		{BCCFB0DF-8FF0-498B-8814-1624843F5823}.Debug|Any CPU.ActiveCfg = Debug|Any CPU
		{BCCFB0DF-8FF0-498B-8814-1624843F5823}.Debug|Any CPU.Build.0 = Debug|Any CPU
		{BCCFB0DF-8FF0-498B-8814-1624843F5823}.Debug|ARM.ActiveCfg = Debug|ARM
		{BCCFB0DF-8FF0-498B-8814-1624843F5823}.Debug|ARM.Build.0 = Debug|ARM
		{BCCFB0DF-8FF0-498B-8814-1624843F5823}.Debug|x64.ActiveCfg = Debug|x64
		{BCCFB0DF-8FF0-498B-8814-1624843F5823}.Debug|x64.Build.0 = Debug|x64
		{BCCFB0DF-8FF0-498B-8814-1624843F5823}.Debug|x86.ActiveCfg = Debug|x86
		{BCCFB0DF-8FF0-498B-8814-1624843F5823}.Debug|x86.Build.0 = Debug|x86
		{BCCFB0DF-8FF0-498B-8814-1624843F5823}.Release|Any CPU.ActiveCfg = Release|Any CPU
		{BCCFB0DF-8FF0-498B-8814-1624843F5823}.Release|Any CPU.Build.0 = Release|Any CPU
		{BCCFB0DF-8FF0-498B-8814-1624843F5823}.Release|ARM.ActiveCfg = Release|ARM
		{BCCFB0DF-8FF0-498B-8814-1624843F5823}.Release|ARM.Build.0 = Release|ARM
		{BCCFB0DF-8FF0-498B-8814-1624843F5823}.Release|x64.ActiveCfg = Release|x64
		{BCCFB0DF-8FF0-498B-8814-1624843F5823}.Release|x64.Build.0 = Release|x64
		{BCCFB0DF-8FF0-498B-8814-1624843F5823}.Release|x86.ActiveCfg = Release|x86
		{BCCFB0DF-8FF0-498B-8814-1624843F5823}.Release|x86.Build.0 = Release|x86
	EndGlobalSection
	GlobalSection(SolutionProperties) = preSolution
		HideSolutionNode = FALSE
	EndGlobalSection
EndGlobal
